
Microsoft Visual Studio Solution File, Format Version 12.00
# Visual Studio Version 17
VisualStudioVersion = 17.5.33312.197
MinimumVisualStudioVersion = 10.0.40219.1
Project("{2150E333-8FDC-42A3-9474-1A3956D46DE8}") = "src", "src", "{90F5480B-FC15-4FD2-98F1-A77598D91E15}"
EndProject
Project("{2150E333-8FDC-42A3-9474-1A3956D46DE8}") = "sln", "sln", "{42018039-20E4-4D43-AF9E-1A6828825CE1}"
	ProjectSection(SolutionItems) = preProject
		CHANGELOG.md = CHANGELOG.md
		CODE_OF_CONDUCT.md = CODE_OF_CONDUCT.md
		.github\workflows\publish.yml = .github\workflows\publish.yml
		README.md = README.md
	EndProjectSection
EndProject
Project("{9A19103F-16F7-4668-BE54-9A1E7A4F7556}") = "Netizine.OpenAI.Mock", "src\Netizine.OpenAI.Mock\Netizine.OpenAI.Mock.csproj", "{44D3F232-0212-46A2-8FA1-C3B69488B33C}"
EndProject
Global
	GlobalSection(SolutionConfigurationPlatforms) = preSolution
		Debug|Any CPU = Debug|Any CPU
		Release|Any CPU = Release|Any CPU
	EndGlobalSection
	GlobalSection(ProjectConfigurationPlatforms) = postSolution
		{44D3F232-0212-46A2-8FA1-C3B69488B33C}.Debug|Any CPU.ActiveCfg = Debug|Any CPU
		{44D3F232-0212-46A2-8FA1-C3B69488B33C}.Debug|Any CPU.Build.0 = Debug|Any CPU
		{44D3F232-0212-46A2-8FA1-C3B69488B33C}.Release|Any CPU.ActiveCfg = Release|Any CPU
		{44D3F232-0212-46A2-8FA1-C3B69488B33C}.Release|Any CPU.Build.0 = Release|Any CPU
	EndGlobalSection
	GlobalSection(SolutionProperties) = preSolution
		HideSolutionNode = FALSE
	EndGlobalSection
	GlobalSection(NestedProjects) = preSolution
		{44D3F232-0212-46A2-8FA1-C3B69488B33C} = {90F5480B-FC15-4FD2-98F1-A77598D91E15}
	EndGlobalSection
	GlobalSection(ExtensibilityGlobals) = postSolution
		SolutionGuid = {0C2C3E14-43BB-45DD-94CF-BB306519E082}
	EndGlobalSection
EndGlobal
